
Microsoft Visual Studio Solution File, Format Version 12.00
Project("{FAE04EC0-301F-11D3-BF4B-00C04F79EFBC}") = "Blitz.Web", "Blitz.Web\Blitz.Web.csproj", "{516D1DE2-D295-4299-94AC-C2D6180D81B0}"
EndProject
Global
	GlobalSection(SolutionConfigurationPlatforms) = preSolution
		Debug|Any CPU = Debug|Any CPU
		Release|Any CPU = Release|Any CPU
	EndGlobalSection
	GlobalSection(ProjectConfigurationPlatforms) = postSolution
		{516D1DE2-D295-4299-94AC-C2D6180D81B0}.Debug|Any CPU.ActiveCfg = Debug|Any CPU
		{516D1DE2-D295-4299-94AC-C2D6180D81B0}.Debug|Any CPU.Build.0 = Debug|Any CPU
		{516D1DE2-D295-4299-94AC-C2D6180D81B0}.Release|Any CPU.ActiveCfg = Release|Any CPU
		{516D1DE2-D295-4299-94AC-C2D6180D81B0}.Release|Any CPU.Build.0 = Release|Any CPU
	EndGlobalSection
EndGlobal
